PODS:
  - Alamofire (5.8.0)
  - FRadioPlayer (0.1.22)
  - LGSideMenuController (3.1.2)
  - SDWebImage (5.18.1):
    - SDWebImage/Core (= 5.18.1)
  - SDWebImage/Core (5.18.1)
  - SwiftyJSON (5.0.1)

DEPENDENCIES:
  - Alamofire
  - FRadioPlayer
  - LGSideMenuController
  - SDWebImage (~> 5.0)
  - SwiftyJSON

SPEC REPOS:
  trunk:
    - Alamofire
    - FRadioPlayer
    - LGSideMenuController
    - SDWebImage
    - SwiftyJSON

SPEC CHECKSUMS:
  Alamofire: 0e92e751b3e9e66d7982db43919d01f313b8eb91
  FRadioPlayer: 7c6173cc44a3be39a9419abd3a931d9223e175e4
  LGSideMenuController: 0c7b155b0dbdf14bf8b88d5ac363c5fe1584bb23
  SDWebImage: ebdbcebc7933a45226d9313bd0118bc052ad458b
  SwiftyJSON: 2f33a42c6fbc52764d96f13368585094bfd8aa5e

PODFILE CHECKSUM: a2c7f4e1417180a93e43c25ed1b6a7c14d2a2487

COCOAPODS: 1.16.2
